{
  "name": "sensor-capture-scripts",
  "version": "1.0.0",
  "lockfileVersion": 3,
  "requires": true,
  "packages": {
    "": {
      "name": "sensor-capture-scripts",
      "version": "1.0.0",
      "license": "MIT",
      "dependencies": {
        "dht22-capture": "file:../dht22-capture"
      }
    },
    "../dht22-capture": {
      "version": "1.0.0",
      "license": "MIT"
    },
    "node_modules/dht22-capture": {
      "resolved": "../dht22-capture",
      "link": true
    }
  }
}
